
Microsoft Visual Studio Solution File, Format Version 12.00
# Visual Studio Version 16
VisualStudioVersion = 16.0.29911.84
MinimumVisualStudioVersion = 10.0.40219.1
Project("{00D1A9C2-B5F0-4AF3-8072-F6C62B433612}") = "save-on-cloud", "save-on-cloud-db\save-on-cloud.sqlproj", "{083156AA-56A2-4C06-948C-73AA809B96DA}"
EndProject
Global
	GlobalSection(SolutionConfigurationPlatforms) = preSolution
		Debug|Any CPU = Debug|Any CPU
		Release|Any CPU = Release|Any CPU
	EndGlobalSection
	GlobalSection(ProjectConfigurationPlatforms) = postSolution
		{083156AA-56A2-4C06-948C-73AA809B96DA}.Debug|Any CPU.ActiveCfg = Debug|Any CPU
		{083156AA-56A2-4C06-948C-73AA809B96DA}.Debug|Any CPU.Build.0 = Debug|Any CPU
		{083156AA-56A2-4C06-948C-73AA809B96DA}.Debug|Any CPU.Deploy.0 = Debug|Any CPU
		{083156AA-56A2-4C06-948C-73AA809B96DA}.Release|Any CPU.ActiveCfg = Release|Any CPU
		{083156AA-56A2-4C06-948C-73AA809B96DA}.Release|Any CPU.Build.0 = Release|Any CPU
		{083156AA-56A2-4C06-948C-73AA809B96DA}.Release|Any CPU.Deploy.0 = Release|Any CPU
	EndGlobalSection
	GlobalSection(SolutionProperties) = preSolution
		HideSolutionNode = FALSE
	EndGlobalSection
	GlobalSection(ExtensibilityGlobals) = postSolution
		SolutionGuid = {A1276AEF-92DB-4AEC-BF98-22422F6CC61B}
	EndGlobalSection
EndGlobal
